
Microsoft Visual Studio Solution File, Format Version 12.00
# Visual Studio Version 17
VisualStudioVersion = 17.9.34723.18
MinimumVisualStudioVersion = 10.0.40219.1
Project("{8BC9CEB8-8B4A-11D0-8D11-00A0C91BC942}") = "RemoteCtrl2407", "RemoteCtrl2407\RemoteCtrl2407.vcxproj", "{A35C599C-FEFA-4659-9D7D-DE9656275581}"
EndProject
Project("{8BC9CEB8-8B4A-11D0-8D11-00A0C91BC942}") = "RemoteClient", "RemoteClient\RemoteClient.vcxproj", "{F723EF3F-A727-490B-B0B7-236445F7C67D}"
EndProject
Project("{2150E333-8FDC-42A3-9474-1A3956D46DE8}") = "解决方案项", "解决方案项", "{1F04289F-63F1-418E-A318-C52C95D65485}"
	ProjectSection(SolutionItems) = preProject
		远控.uml = 远控.uml
	EndProjectSection
EndProject
Global
	GlobalSection(SolutionConfigurationPlatforms) = preSolution
		Debug|x64 = Debug|x64
		Debug|x86 = Debug|x86
		new|x64 = new|x64
		new|x86 = new|x86
		Release|x64 = Release|x64
		Release|x86 = Release|x86
	EndGlobalSection
	GlobalSection(ProjectConfigurationPlatforms) = postSolution
		{A35C599C-FEFA-4659-9D7D-DE9656275581}.Debug|x64.ActiveCfg = Debug|x64
		{A35C599C-FEFA-4659-9D7D-DE9656275581}.Debug|x64.Build.0 = Debug|x64
		{A35C599C-FEFA-4659-9D7D-DE9656275581}.Debug|x86.ActiveCfg = Debug|Win32
		{A35C599C-FEFA-4659-9D7D-DE9656275581}.Debug|x86.Build.0 = Debug|Win32
		{A35C599C-FEFA-4659-9D7D-DE9656275581}.new|x64.ActiveCfg = Release|x64
		{A35C599C-FEFA-4659-9D7D-DE9656275581}.new|x64.Build.0 = Release|x64
		{A35C599C-FEFA-4659-9D7D-DE9656275581}.new|x86.ActiveCfg = Release|Win32
		{A35C599C-FEFA-4659-9D7D-DE9656275581}.new|x86.Build.0 = Release|Win32
		{A35C599C-FEFA-4659-9D7D-DE9656275581}.Release|x64.ActiveCfg = Release|x64
		{A35C599C-FEFA-4659-9D7D-DE9656275581}.Release|x64.Build.0 = Release|x64
		{A35C599C-FEFA-4659-9D7D-DE9656275581}.Release|x86.ActiveCfg = Release|Win32
		{A35C599C-FEFA-4659-9D7D-DE9656275581}.Release|x86.Build.0 = Release|Win32
		{F723EF3F-A727-490B-B0B7-236445F7C67D}.Debug|x64.ActiveCfg = Debug|x64
		{F723EF3F-A727-490B-B0B7-236445F7C67D}.Debug|x64.Build.0 = Debug|x64
		{F723EF3F-A727-490B-B0B7-236445F7C67D}.Debug|x86.ActiveCfg = Debug|Win32
		{F723EF3F-A727-490B-B0B7-236445F7C67D}.Debug|x86.Build.0 = Debug|Win32
		{F723EF3F-A727-490B-B0B7-236445F7C67D}.new|x64.ActiveCfg = Release|x64
		{F723EF3F-A727-490B-B0B7-236445F7C67D}.new|x64.Build.0 = Release|x64
		{F723EF3F-A727-490B-B0B7-236445F7C67D}.new|x86.ActiveCfg = new|Win32
		{F723EF3F-A727-490B-B0B7-236445F7C67D}.new|x86.Build.0 = new|Win32
		{F723EF3F-A727-490B-B0B7-236445F7C67D}.Release|x64.ActiveCfg = Release|x64
		{F723EF3F-A727-490B-B0B7-236445F7C67D}.Release|x64.Build.0 = Release|x64
		{F723EF3F-A727-490B-B0B7-236445F7C67D}.Release|x86.ActiveCfg = Release|Win32
		{F723EF3F-A727-490B-B0B7-236445F7C67D}.Release|x86.Build.0 = Release|Win32
	EndGlobalSection
	GlobalSection(SolutionProperties) = preSolution
		HideSolutionNode = FALSE
	EndGlobalSection
	GlobalSection(ExtensibilityGlobals) = postSolution
		SolutionGuid = {4E091F60-55EA-4C25-99B1-BB4356C12244}
	EndGlobalSection
EndGlobal
